
Microsoft Visual Studio Solution File, Format Version 12.00
# Visual Studio Version 17
VisualStudioVersion = 17.9.34701.34
MinimumVisualStudioVersion = 10.0.40219.1
Project("{FAE04EC0-301F-11D3-BF4B-00C04F79EFBC}") = "Pratica", "Pratica\Pratica.csproj", "{7E86B0F0-28A1-497D-8EC9-42D3ECEC3DE4}"
EndProject
Global
	GlobalSection(SolutionConfigurationPlatforms) = preSolution
		Debug|Any CPU = Debug|Any CPU
		Release|Any CPU = Release|Any CPU
	EndGlobalSection
	GlobalSection(ProjectConfigurationPlatforms) = postSolution
		{7E86B0F0-28A1-497D-8EC9-42D3ECEC3DE4}.Debug|Any CPU.ActiveCfg = Debug|Any CPU
		{7E86B0F0-28A1-497D-8EC9-42D3ECEC3DE4}.Debug|Any CPU.Build.0 = Debug|Any CPU
		{7E86B0F0-28A1-497D-8EC9-42D3ECEC3DE4}.Release|Any CPU.ActiveCfg = Release|Any CPU
		{7E86B0F0-28A1-497D-8EC9-42D3ECEC3DE4}.Release|Any CPU.Build.0 = Release|Any CPU
	EndGlobalSection
	GlobalSection(SolutionProperties) = preSolution
		HideSolutionNode = FALSE
	EndGlobalSection
	GlobalSection(ExtensibilityGlobals) = postSolution
		SolutionGuid = {0B2406E2-28CF-4B2F-B4A8-1C9FF85AD0D1}
	EndGlobalSection
EndGlobal
